{
  "projects": [
    {
      "projectId": "jkU633o1Cz7HrJdwdxhVHk",
      "version": "3.0.0",
      "dependencies": {},
      "lang": "ts",
      "fileLocks": [
        {
          "assetId": "jkU633o1Cz7HrJdwdxhVHk",
          "type": "projectCss",
          "checksum": "c49a7f89e4dc2e79042f3d90d024a909"
        }
      ],
      "codegenVersion": "0.0.1"
    },
    {
      "projectId": "ohDidvG9XsCeFumugENU3J",
      "version": "3.3.0",
      "dependencies": {},
      "lang": "ts",
      "fileLocks": [
        {
          "assetId": "ohDidvG9XsCeFumugENU3J",
          "type": "projectCss",
          "checksum": "41afc1aae80384cee8b42ef2c9133e34"
        },
        {
          "assetId": "ohDidvG9XsCeFumugENU3J",
          "checksum": "ac48a40cdf4dd8e60fd90b90c9fcedca",
          "type": "globalContexts"
        }
      ],
      "codegenVersion": "0.0.1"
    },
    {
      "projectId": "gLnoj82AzKVVT7qXiqAbHD",
      "version": "1.8.0",
      "dependencies": {},
      "lang": "ts",
      "fileLocks": [
        {
          "assetId": "gLnoj82AzKVVT7qXiqAbHD",
          "type": "projectCss",
          "checksum": "acc49002cf2bb27c825cd645bcdb7311"
        },
        {
          "type": "renderModule",
          "assetId": "lBHNzts6tFyj",
          "checksum": "f00f49ad125dc1eb470d427d7b0b4542"
        },
        {
          "type": "cssRules",
          "assetId": "lBHNzts6tFyj",
          "checksum": "f00f49ad125dc1eb470d427d7b0b4542"
        },
        {
          "type": "icon",
          "assetId": "zq2s7N0xWucT",
          "checksum": "61b12414624174db4cd2e3e683119fcb"
        },
        {
          "type": "icon",
          "assetId": "8K40faRNhuCj",
          "checksum": "4fedd32cd8730884585d804464a39318"
        }
      ],
      "codegenVersion": "0.0.1"
    },
    {
      "projectId": "5wRa6g78qFSdinBG7vkSPb",
      "version": "latest",
      "dependencies": {
        "gLnoj82AzKVVT7qXiqAbHD": "1.8.0",
        "ohDidvG9XsCeFumugENU3J": "3.3.0",
        "jkU633o1Cz7HrJdwdxhVHk": "3.0.0"
      },
      "lang": "ts",
      "fileLocks": [
        {
          "type": "globalVariant",
          "assetId": "_hCcQOg9ttH4_",
          "checksum": "3e65f4829bd1e84b6d5c9596868f4468"
        },
        {
          "assetId": "5wRa6g78qFSdinBG7vkSPb",
          "checksum": "870f15d3637218162d63bcedb6dcb568",
          "type": "globalContexts"
        },
        {
          "type": "renderModule",
          "assetId": "W4uyIJRMtEqU",
          "checksum": "b59104ee27b561c2c42c492ab0b8cf4a"
        },
        {
          "type": "cssRules",
          "assetId": "W4uyIJRMtEqU",
          "checksum": "b59104ee27b561c2c42c492ab0b8cf4a"
        },
        {
          "type": "renderModule",
          "assetId": "YVgPvoXeFH",
          "checksum": "b6013181fd1c971c37b8cae7879483ef"
        },
        {
          "type": "cssRules",
          "assetId": "YVgPvoXeFH",
          "checksum": "b6013181fd1c971c37b8cae7879483ef"
        },
        {
          "type": "renderModule",
          "assetId": "NS5vZEpf5l",
          "checksum": "b3c6e7f5997ad4f3eaf9694f8d11c926"
        },
        {
          "type": "cssRules",
          "assetId": "NS5vZEpf5l",
          "checksum": "b3c6e7f5997ad4f3eaf9694f8d11c926"
        },
        {
          "type": "renderModule",
          "assetId": "rshqwxzmtHH",
          "checksum": "bccfb79265599aacf679d80301ead4f7"
        },
        {
          "type": "cssRules",
          "assetId": "rshqwxzmtHH",
          "checksum": "bccfb79265599aacf679d80301ead4f7"
        },
        {
          "type": "renderModule",
          "assetId": "xhSZaKBmKw",
          "checksum": "c26891bfccf6d53093b1b6c6f331574a"
        },
        {
          "type": "cssRules",
          "assetId": "xhSZaKBmKw",
          "checksum": "c26891bfccf6d53093b1b6c6f331574a"
        },
        {
          "type": "renderModule",
          "assetId": "-9PLIVK0tg",
          "checksum": "c4df1e8d23ad9027e20fd82dd8c13b72"
        },
        {
          "type": "cssRules",
          "assetId": "-9PLIVK0tg",
          "checksum": "c4df1e8d23ad9027e20fd82dd8c13b72"
        },
        {
          "type": "image",
          "assetId": "A7lqciJXr",
          "checksum": "736d714f67017304c6f54fb36f290ad1"
        },
        {
          "type": "image",
          "assetId": "oAOKMHRJX",
          "checksum": "36e4e6bb66fb657fe928cf49e90d15dd"
        },
        {
          "type": "image",
          "assetId": "cSurIx7h_",
          "checksum": "2f760bee40d30609b67cd72e28b561ba"
        },
        {
          "assetId": "5wRa6g78qFSdinBG7vkSPb",
          "type": "projectCss",
          "checksum": "6caca12e83943335fdf3c8889c03eae5"
        }
      ],
      "codegenVersion": "0.0.1"
    }
  ],
  "cliVersion": "0.1.258"
}
